Microsoft Visual Studio Solution File, Format Version 12.00
# Visual Studio Version 17
VisualStudioVersion = 17.5.2.0
MinimumVisualStudioVersion = 10.0.40219.1
Project("{FAE04EC0-301F-11D3-BF4B-00C04F79EFBC}") = "MyPractice1", "MyPractice1\MyPractice1.csproj", "{BA3BA53C-3B35-EC52-A555-23DB00323929}"
EndProject
Global
	GlobalSection(SolutionConfigurationPlatforms) = preSolution
		Debug|Any CPU = Debug|Any CPU
		Release|Any CPU = Release|Any CPU
	EndGlobalSection
	GlobalSection(ProjectConfigurationPlatforms) = postSolution
		{BA3BA53C-3B35-EC52-A555-23DB00323929}.Debug|Any CPU.ActiveCfg = Debug|Any CPU
		{BA3BA53C-3B35-EC52-A555-23DB00323929}.Debug|Any CPU.Build.0 = Debug|Any CPU
		{BA3BA53C-3B35-EC52-A555-23DB00323929}.Release|Any CPU.ActiveCfg = Release|Any CPU
		{BA3BA53C-3B35-EC52-A555-23DB00323929}.Release|Any CPU.Build.0 = Release|Any CPU
	EndGlobalSection
	GlobalSection(SolutionProperties) = preSolution
		HideSolutionNode = FALSE
	EndGlobalSection
	GlobalSection(ExtensibilityGlobals) = postSolution
		SolutionGuid = {E0472B08-EEF1-440A-9B92-8FF2BABD4504}
	EndGlobalSection
EndGlobal
